
Microsoft Visual Studio Solution File, Format Version 12.00
# Visual Studio 15
VisualStudioVersion = 15.0.27130.2027
MinimumVisualStudioVersion = 10.0.40219.1
Project("{FAE04EC0-301F-11D3-BF4B-00C04F79EFBC}") = "Kundenverwaltung", "Kundenverwaltung\Kundenverwaltung.csproj", "{658E5D28-6E8F-4E86-B194-D93BC6E0571A}"
EndProject
Global
	GlobalSection(SolutionConfigurationPlatforms) = preSolution
		Debug|Any CPU = Debug|Any CPU
		Release|Any CPU = Release|Any CPU
	EndGlobalSection
	GlobalSection(ProjectConfigurationPlatforms) = postSolution
		{658E5D28-6E8F-4E86-B194-D93BC6E0571A}.Debug|Any CPU.ActiveCfg = Debug|Any CPU
		{658E5D28-6E8F-4E86-B194-D93BC6E0571A}.Debug|Any CPU.Build.0 = Debug|Any CPU
		{658E5D28-6E8F-4E86-B194-D93BC6E0571A}.Release|Any CPU.ActiveCfg = Release|Any CPU
		{658E5D28-6E8F-4E86-B194-D93BC6E0571A}.Release|Any CPU.Build.0 = Release|Any CPU
	EndGlobalSection
	GlobalSection(SolutionProperties) = preSolution
		HideSolutionNode = FALSE
	EndGlobalSection
	GlobalSection(ExtensibilityGlobals) = postSolution
		SolutionGuid = {C5F64F5E-1163-4722-825B-179C12234E43}
	EndGlobalSection
EndGlobal
